
Microsoft Visual Studio Solution File, Format Version 12.00
# Visual Studio Version 16
VisualStudioVersion = 16.0.31321.278
MinimumVisualStudioVersion = 10.0.40219.1
Project("{FAE04EC0-301F-11D3-BF4B-00C04F79EFBC}") = "Simple PCSX2 Updater", "Simple PCSX2 Updater.csproj", "{96E37987-8AD0-46C4-A9F8-3EE95E3C4140}"
EndProject
Global
	GlobalSection(SolutionConfigurationPlatforms) = preSolution
		Debug|Any CPU = Debug|Any CPU
		Release|Any CPU = Release|Any CPU
	EndGlobalSection
	GlobalSection(ProjectConfigurationPlatforms) = postSolution
		{96E37987-8AD0-46C4-A9F8-3EE95E3C4140}.Debug|Any CPU.ActiveCfg = Debug|Any CPU
		{96E37987-8AD0-46C4-A9F8-3EE95E3C4140}.Debug|Any CPU.Build.0 = Debug|Any CPU
		{96E37987-8AD0-46C4-A9F8-3EE95E3C4140}.Release|Any CPU.ActiveCfg = Release|Any CPU
		{96E37987-8AD0-46C4-A9F8-3EE95E3C4140}.Release|Any CPU.Build.0 = Release|Any CPU
	EndGlobalSection
	GlobalSection(SolutionProperties) = preSolution
		HideSolutionNode = FALSE
	EndGlobalSection
	GlobalSection(ExtensibilityGlobals) = postSolution
		SolutionGuid = {715ADD99-BF06-42BF-8040-61FFDA5DC60D}
	EndGlobalSection
EndGlobal
